
Microsoft Visual Studio Solution File, Format Version 12.00
# Visual Studio Version 17
VisualStudioVersion = 17.5.33627.172
MinimumVisualStudioVersion = 10.0.40219.1
Project("{2150E333-8FDC-42A3-9474-1A3956D46DE8}") = "src", "src", "{01EBBB54-A335-4B30-BDB5-3AE355AD78A2}"
EndProject
Project("{FAE04EC0-301F-11D3-BF4B-00C04F79EFBC}") = "RealTimeChatApp.WebApi", "src\RealTimeChatApp.WebApi\RealTimeChatApp.WebApi.csproj", "{EE233DB7-69B6-4326-92E9-A9F4DEB7C7A2}"
EndProject
Global
	GlobalSection(SolutionConfigurationPlatforms) = preSolution
		Debug|Any CPU = Debug|Any CPU
		Release|Any CPU = Release|Any CPU
	EndGlobalSection
	GlobalSection(ProjectConfigurationPlatforms) = postSolution
		{EE233DB7-69B6-4326-92E9-A9F4DEB7C7A2}.Debug|Any CPU.ActiveCfg = Debug|Any CPU
		{EE233DB7-69B6-4326-92E9-A9F4DEB7C7A2}.Debug|Any CPU.Build.0 = Debug|Any CPU
		{EE233DB7-69B6-4326-92E9-A9F4DEB7C7A2}.Release|Any CPU.ActiveCfg = Release|Any CPU
		{EE233DB7-69B6-4326-92E9-A9F4DEB7C7A2}.Release|Any CPU.Build.0 = Release|Any CPU
	EndGlobalSection
	GlobalSection(SolutionProperties) = preSolution
		HideSolutionNode = FALSE
	EndGlobalSection
	GlobalSection(NestedProjects) = preSolution
		{EE233DB7-69B6-4326-92E9-A9F4DEB7C7A2} = {01EBBB54-A335-4B30-BDB5-3AE355AD78A2}
	EndGlobalSection
	GlobalSection(ExtensibilityGlobals) = postSolution
		SolutionGuid = {DA45A916-3863-4650-BBF1-85018AD3C219}
	EndGlobalSection
EndGlobal
